{
  "originHash" : "bafc1bc23908f9330b2a4379eb8285e73a7e19c88dc8f8074a04329794fe01f5",
  "pins" : [
    {
      "identity" : "swift-syntax",
      "kind" : "remoteSourceControl",
      "location" : "https://github.com/swiftlang/swift-syntax.git",
      "state" : {
        "branch" : "603.0.0-prerelease-2025-12-17",
        "revision" : "9b6d2d09c474336c8a5477a669ca976e58586f75"
      }
    }
  ],
  "version" : 3
}
