{
  "object": {
    "pins": [
      {
        "package": "ASN1Decoder",
        "repositoryURL": "https://github.com/filom/ASN1Decoder",
        "state": {
          "branch": null,
          "revision": "65953a42a0f039f53c73e48fd88c02809f7db607",
          "version": "1.8.0"
        }
      },
      {
        "package": "swift-tagged",
        "repositoryURL": "https://github.com/pointfreeco/swift-tagged.git",
        "state": {
          "branch": null,
          "revision": "3907a9438f5b57d317001dc99f3f11b46882272b",
          "version": "0.10.0"
        }
      }
    ]
  },
  "version": 1
}
